
Microsoft Visual Studio Solution File, Format Version 12.00
# Visual Studio 15
VisualStudioVersion = 15.0.28307.421
MinimumVisualStudioVersion = 10.0.40219.1
Project("{FAE04EC0-301F-11D3-BF4B-00C04F79EFBC}") = "WCFService_2Way_093", "WCFService_2Way_093\WCFService_2Way_093.csproj", "{E9B019EF-6696-4495-9068-C8B628D02432}"
EndProject
Global
	GlobalSection(SolutionConfigurationPlatforms) = preSolution
		Debug|Any CPU = Debug|Any CPU
		Release|Any CPU = Release|Any CPU
	EndGlobalSection
	GlobalSection(ProjectConfigurationPlatforms) = postSolution
		{E9B019EF-6696-4495-9068-C8B628D02432}.Debug|Any CPU.ActiveCfg = Debug|Any CPU
		{E9B019EF-6696-4495-9068-C8B628D02432}.Debug|Any CPU.Build.0 = Debug|Any CPU
		{E9B019EF-6696-4495-9068-C8B628D02432}.Release|Any CPU.ActiveCfg = Release|Any CPU
		{E9B019EF-6696-4495-9068-C8B628D02432}.Release|Any CPU.Build.0 = Release|Any CPU
	EndGlobalSection
	GlobalSection(SolutionProperties) = preSolution
		HideSolutionNode = FALSE
	EndGlobalSection
	GlobalSection(ExtensibilityGlobals) = postSolution
		SolutionGuid = {9BD4AA26-CDE9-44F9-8705-D6B80B5AF62F}
	EndGlobalSection
EndGlobal
